
Microsoft Visual Studio Solution File, Format Version 11.00
# Visual Studio 2010
Project("{FAE04EC0-301F-11D3-BF4B-00C04F79EFBC}") = "NanoMessageBus", "proj\NanoMessageBus\NanoMessageBus.csproj", "{A6D3AA0C-CEC9-47FF-80DF-B3F77D5B8E34}"
EndProject
Project("{FAE04EC0-301F-11D3-BF4B-00C04F79EFBC}") = "NanoMessageBus.Core", "proj\NanoMessageBus.Core\NanoMessageBus.Core.csproj", "{2B604DD3-92BA-41D0-A5DC-FBE03EC2BF92}"
EndProject
Global
	GlobalSection(SolutionConfigurationPlatforms) = preSolution
		Debug|Any CPU = Debug|Any CPU
		Release|Any CPU = Release|Any CPU
	EndGlobalSection
	GlobalSection(ProjectConfigurationPlatforms) = postSolution
		{A6D3AA0C-CEC9-47FF-80DF-B3F77D5B8E34}.Debug|Any CPU.ActiveCfg = Debug|Any CPU
		{A6D3AA0C-CEC9-47FF-80DF-B3F77D5B8E34}.Debug|Any CPU.Build.0 = Debug|Any CPU
		{A6D3AA0C-CEC9-47FF-80DF-B3F77D5B8E34}.Release|Any CPU.ActiveCfg = Release|Any CPU
		{A6D3AA0C-CEC9-47FF-80DF-B3F77D5B8E34}.Release|Any CPU.Build.0 = Release|Any CPU
		{2B604DD3-92BA-41D0-A5DC-FBE03EC2BF92}.Debug|Any CPU.ActiveCfg = Debug|Any CPU
		{2B604DD3-92BA-41D0-A5DC-FBE03EC2BF92}.Debug|Any CPU.Build.0 = Debug|Any CPU
		{2B604DD3-92BA-41D0-A5DC-FBE03EC2BF92}.Release|Any CPU.ActiveCfg = Release|Any CPU
		{2B604DD3-92BA-41D0-A5DC-FBE03EC2BF92}.Release|Any CPU.Build.0 = Release|Any CPU
	EndGlobalSection
	GlobalSection(SolutionProperties) = preSolution
		HideSolutionNode = FALSE
	EndGlobalSection
EndGlobal
