
Microsoft Visual Studio Solution File, Format Version 11.00
# Visual Studio 2010
Project("{FAE04EC0-301F-11D3-BF4B-00C04F79EFBC}") = "NanoMessageBus", "proj\NanoMessageBus\NanoMessageBus.csproj", "{A038133C-7150-4E4F-83D3-174869171C8D}"
EndProject
Project("{FAE04EC0-301F-11D3-BF4B-00C04F79EFBC}") = "NanoMessageBus.RabbitChannel", "proj\NanoMessageBus.RabbitChannel\NanoMessageBus.RabbitChannel.csproj", "{8C6B53A1-C9C9-46EF-A2EF-9B452E4C880F}"
EndProject
Project("{FAE04EC0-301F-11D3-BF4B-00C04F79EFBC}") = "NanoMessageBus.RabbitChannel.UnitTests", "tests\NanoMessageBus.RabbitChannel.UnitTests\NanoMessageBus.RabbitChannel.UnitTests.csproj", "{787FCF76-DE45-45DF-A7E0-BF01D11F892D}"
EndProject
Project("{FAE04EC0-301F-11D3-BF4B-00C04F79EFBC}") = "NanoMessageBus.RabbitChannel.ComponentTests", "tests\NanoMessageBus.RabbitChannel.ComponentTests\NanoMessageBus.RabbitChannel.ComponentTests.csproj", "{1E8E774B-0726-42CB-BC60-D01C79E8F42F}"
EndProject
Project("{FAE04EC0-301F-11D3-BF4B-00C04F79EFBC}") = "NanoMessageBus.RabbitChannel.AcceptanceTests", "tests\NanoMessageBus.RabbitChannel.AcceptanceTests\NanoMessageBus.RabbitChannel.AcceptanceTests.csproj", "{B6A139C1-2AF2-4E7F-9C3D-2174E9B2910A}"
EndProject
Project("{FAE04EC0-301F-11D3-BF4B-00C04F79EFBC}") = "NanoMessageBus.RabbitChannel.IntegrationTests", "tests\NanoMessageBus.RabbitChannel.IntegrationTests\NanoMessageBus.RabbitChannel.IntegrationTests.csproj", "{14E5E29F-954D-4071-B106-6795181450CC}"
EndProject
Project("{2150E333-8FDC-42A3-9474-1A3956D46DE8}") = "rabbit", "rabbit", "{4D9FFAC1-CFB3-4E0D-B7C6-B27D1C51A313}"
EndProject
Project("{2150E333-8FDC-42A3-9474-1A3956D46DE8}") = "core", "core", "{423164E1-C136-49D9-87AD-5E37DBB079B0}"
EndProject
Project("{FAE04EC0-301F-11D3-BF4B-00C04F79EFBC}") = "NanoMessageBus.UnitTests", "tests\NanoMessageBus.UnitTests\NanoMessageBus.UnitTests.csproj", "{D4964738-6CBF-4395-904E-F170046C5C0B}"
EndProject
Project("{FAE04EC0-301F-11D3-BF4B-00C04F79EFBC}") = "NanoMessageBus.ComponentTests", "tests\NanoMessageBus.ComponentTests\NanoMessageBus.ComponentTests.csproj", "{797CE0A0-2F60-474A-BEAA-C5915A33A1DD}"
EndProject
Global
	GlobalSection(SolutionConfigurationPlatforms) = preSolution
		Debug|Any CPU = Debug|Any CPU
		Release|Any CPU = Release|Any CPU
	EndGlobalSection
	GlobalSection(ProjectConfigurationPlatforms) = postSolution
		{A038133C-7150-4E4F-83D3-174869171C8D}.Debug|Any CPU.ActiveCfg = Debug|Any CPU
		{A038133C-7150-4E4F-83D3-174869171C8D}.Debug|Any CPU.Build.0 = Debug|Any CPU
		{A038133C-7150-4E4F-83D3-174869171C8D}.Release|Any CPU.ActiveCfg = Release|Any CPU
		{A038133C-7150-4E4F-83D3-174869171C8D}.Release|Any CPU.Build.0 = Release|Any CPU
		{8C6B53A1-C9C9-46EF-A2EF-9B452E4C880F}.Debug|Any CPU.ActiveCfg = Debug|Any CPU
		{8C6B53A1-C9C9-46EF-A2EF-9B452E4C880F}.Debug|Any CPU.Build.0 = Debug|Any CPU
		{8C6B53A1-C9C9-46EF-A2EF-9B452E4C880F}.Release|Any CPU.ActiveCfg = Release|Any CPU
		{8C6B53A1-C9C9-46EF-A2EF-9B452E4C880F}.Release|Any CPU.Build.0 = Release|Any CPU
		{787FCF76-DE45-45DF-A7E0-BF01D11F892D}.Debug|Any CPU.ActiveCfg = Debug|Any CPU
		{787FCF76-DE45-45DF-A7E0-BF01D11F892D}.Debug|Any CPU.Build.0 = Debug|Any CPU
		{787FCF76-DE45-45DF-A7E0-BF01D11F892D}.Release|Any CPU.ActiveCfg = Release|Any CPU
		{787FCF76-DE45-45DF-A7E0-BF01D11F892D}.Release|Any CPU.Build.0 = Release|Any CPU
		{1E8E774B-0726-42CB-BC60-D01C79E8F42F}.Debug|Any CPU.ActiveCfg = Debug|Any CPU
		{1E8E774B-0726-42CB-BC60-D01C79E8F42F}.Debug|Any CPU.Build.0 = Debug|Any CPU
		{1E8E774B-0726-42CB-BC60-D01C79E8F42F}.Release|Any CPU.ActiveCfg = Release|Any CPU
		{1E8E774B-0726-42CB-BC60-D01C79E8F42F}.Release|Any CPU.Build.0 = Release|Any CPU
		{B6A139C1-2AF2-4E7F-9C3D-2174E9B2910A}.Debug|Any CPU.ActiveCfg = Debug|Any CPU
		{B6A139C1-2AF2-4E7F-9C3D-2174E9B2910A}.Debug|Any CPU.Build.0 = Debug|Any CPU
		{B6A139C1-2AF2-4E7F-9C3D-2174E9B2910A}.Release|Any CPU.ActiveCfg = Release|Any CPU
		{B6A139C1-2AF2-4E7F-9C3D-2174E9B2910A}.Release|Any CPU.Build.0 = Release|Any CPU
		{14E5E29F-954D-4071-B106-6795181450CC}.Debug|Any CPU.ActiveCfg = Debug|Any CPU
		{14E5E29F-954D-4071-B106-6795181450CC}.Debug|Any CPU.Build.0 = Debug|Any CPU
		{14E5E29F-954D-4071-B106-6795181450CC}.Release|Any CPU.ActiveCfg = Release|Any CPU
		{14E5E29F-954D-4071-B106-6795181450CC}.Release|Any CPU.Build.0 = Release|Any CPU
		{D4964738-6CBF-4395-904E-F170046C5C0B}.Debug|Any CPU.ActiveCfg = Debug|Any CPU
		{D4964738-6CBF-4395-904E-F170046C5C0B}.Debug|Any CPU.Build.0 = Debug|Any CPU
		{D4964738-6CBF-4395-904E-F170046C5C0B}.Release|Any CPU.ActiveCfg = Release|Any CPU
		{D4964738-6CBF-4395-904E-F170046C5C0B}.Release|Any CPU.Build.0 = Release|Any CPU
		{797CE0A0-2F60-474A-BEAA-C5915A33A1DD}.Debug|Any CPU.ActiveCfg = Debug|Any CPU
		{797CE0A0-2F60-474A-BEAA-C5915A33A1DD}.Debug|Any CPU.Build.0 = Debug|Any CPU
		{797CE0A0-2F60-474A-BEAA-C5915A33A1DD}.Release|Any CPU.ActiveCfg = Release|Any CPU
		{797CE0A0-2F60-474A-BEAA-C5915A33A1DD}.Release|Any CPU.Build.0 = Release|Any CPU
	EndGlobalSection
	GlobalSection(SolutionProperties) = preSolution
		HideSolutionNode = FALSE
	EndGlobalSection
	GlobalSection(NestedProjects) = preSolution
		{8C6B53A1-C9C9-46EF-A2EF-9B452E4C880F} = {4D9FFAC1-CFB3-4E0D-B7C6-B27D1C51A313}
		{B6A139C1-2AF2-4E7F-9C3D-2174E9B2910A} = {4D9FFAC1-CFB3-4E0D-B7C6-B27D1C51A313}
		{787FCF76-DE45-45DF-A7E0-BF01D11F892D} = {4D9FFAC1-CFB3-4E0D-B7C6-B27D1C51A313}
		{1E8E774B-0726-42CB-BC60-D01C79E8F42F} = {4D9FFAC1-CFB3-4E0D-B7C6-B27D1C51A313}
		{14E5E29F-954D-4071-B106-6795181450CC} = {4D9FFAC1-CFB3-4E0D-B7C6-B27D1C51A313}
		{A038133C-7150-4E4F-83D3-174869171C8D} = {423164E1-C136-49D9-87AD-5E37DBB079B0}
		{D4964738-6CBF-4395-904E-F170046C5C0B} = {423164E1-C136-49D9-87AD-5E37DBB079B0}
		{797CE0A0-2F60-474A-BEAA-C5915A33A1DD} = {423164E1-C136-49D9-87AD-5E37DBB079B0}
	EndGlobalSection
EndGlobal
